# generated by rye
# use `rye lock` or `rye sync` to update this lockfile
#
# last locked with the following flags:
#   pre: false
#   features: []
#   all-features: false
#   with-sources: false
#   generate-hashes: false
#   universal: false

-e file:.
appdirs==1.4.4
    # via pyppeteer
certifi==2024.8.30
    # via pyppeteer
importlib-metadata==8.5.0
    # via pyppeteer
pyee==11.1.1
    # via pyppeteer
pyppeteer==2.0.0
    # via mf-register-bot
python-dotenv==1.0.1
    # via mf-register-bot
ruff==0.6.8
    # via mf-register-bot
tqdm==4.66.5
    # via pyppeteer
typing-extensions==4.12.2
    # via pyee
urllib3==1.26.20
    # via pyppeteer
websockets==10.4
    # via pyppeteer
zipp==3.20.2
    # via importlib-metadata
